// !$*UTF8*$!
{
	archiveVersion = 1;
	classes = {
	};
	objectVersion = 55;
	objects = {

/* Begin PBXBuildFile section */
		89295EFB284DE290001D32B3 /* CoreDataRelationshipBootcamp.swift in Sources */ = {isa = PBXBuildFile; fileRef = 89295EFA284DE290001D32B3 /* CoreDataRelationshipBootcamp.swift */; };
		89295EFE284DE578001D32B3 /* CoreDataContainer.xcdatamodeld in Sources */ = {isa = PBXBuildFile; fileRef = 89295EFC284DE578001D32B3 /* CoreDataContainer.xcdatamodeld */; };
		897181E02723DE840074B97C /* BackgroundThreadBootcamp.swift in Sources */ = {isa = PBXBuildFile; fileRef = 897181DF2723DE830074B97C /* BackgroundThreadBootcamp.swift */; };
		897181E22723F1730074B97C /* WeakSelfBootcamp.swift in Sources */ = {isa = PBXBuildFile; fileRef = 897181E12723F1730074B97C /* WeakSelfBootcamp.swift */; };
		897181E4272419CD0074B97C /* EscapingBootcamp.swift in Sources */ = {isa = PBXBuildFile; fileRef = 897181E3272419CD0074B97C /* EscapingBootcamp.swift */; };
		897181E6272529430074B97C /* CodableBootcamp.swift in Sources */ = {isa = PBXBuildFile; fileRef = 897181E5272529430074B97C /* CodableBootcamp.swift */; };
		897181E82726871E0074B97C /* DownloadWithEscapingBootcamp.swift in Sources */ = {isa = PBXBuildFile; fileRef = 897181E72726871D0074B97C /* DownloadWithEscapingBootcamp.swift */; };
		897181EA272705D40074B97C /* DownloadWithCombineBootcamp.swift in Sources */ = {isa = PBXBuildFile; fileRef = 897181E9272705D40074B97C /* DownloadWithCombineBootcamp.swift */; };
		8975AD77272BD52B00225A59 /* CacheBootcamp.swift in Sources */ = {isa = PBXBuildFile; fileRef = 8975AD76272BD52B00225A59 /* CacheBootcamp.swift */; };
		8975AD7E272D339600225A59 /* DownloadingImagesBootcamp.swift in Sources */ = {isa = PBXBuildFile; fileRef = 8975AD7D272D339600225A59 /* DownloadingImagesBootcamp.swift */; };
		8975AD80272DB45500225A59 /* PhotoModel.swift in Sources */ = {isa = PBXBuildFile; fileRef = 8975AD7F272DB45500225A59 /* PhotoModel.swift */; };
		8975AD82272DB4B800225A59 /* DownloadingImagesViewModel.swift in Sources */ = {isa = PBXBuildFile; fileRef = 8975AD81272DB4B800225A59 /* DownloadingImagesViewModel.swift */; };
		8975AD84272DB69F00225A59 /* PhotoModelDataService.swift in Sources */ = {isa = PBXBuildFile; fileRef = 8975AD83272DB69F00225A59 /* PhotoModelDataService.swift */; };
		8975AD86272DD1B100225A59 /* DownloadingImagesRow.swift in Sources */ = {isa = PBXBuildFile; fileRef = 8975AD85272DD1B100225A59 /* DownloadingImagesRow.swift */; };
		8975AD88272DD3DC00225A59 /* DownloadingImageView.swift in Sources */ = {isa = PBXBuildFile; fileRef = 8975AD87272DD3DC00225A59 /* DownloadingImageView.swift */; };
		8975AD8A272DD47A00225A59 /* DownloadingImageViewModel.swift in Sources */ = {isa = PBXBuildFile; fileRef = 8975AD89272DD47A00225A59 /* DownloadingImageViewModel.swift */; };
		8975AD8C272E7BB800225A59 /* PhotoModelCacheManager.swift in Sources */ = {isa = PBXBuildFile; fileRef = 8975AD8B272E7BB800225A59 /* PhotoModelCacheManager.swift */; };
		8975AD8E272E807700225A59 /* PhotoModelFileManager.swift in Sources */ = {isa = PBXBuildFile; fileRef = 8975AD8D272E807700225A59 /* PhotoModelFileManager.swift */; };
		898528B5271DB7AC00784E84 /* SwitfulThinkingContinuedLearningApp.swift in Sources */ = {isa = PBXBuildFile; fileRef = 898528B4271DB7AC00784E84 /* SwitfulThinkingContinuedLearningApp.swift */; };
		898528B7271DB7AC00784E84 /* ContentView.swift in Sources */ = {isa = PBXBuildFile; fileRef = 898528B6271DB7AC00784E84 /* ContentView.swift */; };
		898528B9271DB7B400784E84 /* Assets.xcassets in Resources */ = {isa = PBXBuildFile; fileRef = 898528B8271DB7B400784E84 /* Assets.xcassets */; };
		898528BC271DB7B400784E84 /* Preview Assets.xcassets in Resources */ = {isa = PBXBuildFile; fileRef = 898528BB271DB7B400784E84 /* Preview Assets.xcassets */; };
		898528C3271DB7F700784E84 /* LongPressGestureBootcamp.swift in Sources */ = {isa = PBXBuildFile; fileRef = 898528C2271DB7F700784E84 /* LongPressGestureBootcamp.swift */; };
		898528C5271DC32100784E84 /* DragGestureBootcamp.swift in Sources */ = {isa = PBXBuildFile; fileRef = 898528C4271DC32000784E84 /* DragGestureBootcamp.swift */; };
		898528C7271EA15B00784E84 /* ArraysBootcamp.swift in Sources */ = {isa = PBXBuildFile; fileRef = 898528C6271EA15B00784E84 /* ArraysBootcamp.swift */; };
		898528C92720258B00784E84 /* CoreDataBootcamp.swift in Sources */ = {isa = PBXBuildFile; fileRef = 898528C82720258B00784E84 /* CoreDataBootcamp.swift */; };
		898528CC27213A5700784E84 /* FruitsContainer.xcdatamodeld in Sources */ = {isa = PBXBuildFile; fileRef = 898528CA27213A5700784E84 /* FruitsContainer.xcdatamodeld */; };
		89ED1D7D2727CFEB00BC9BDE /* TimerBootcamp.swift in Sources */ = {isa = PBXBuildFile; fileRef = 89ED1D7C2727CFEB00BC9BDE /* TimerBootcamp.swift */; };
		89ED1D7F2727EF9700BC9BDE /* SubscriberBootcamp.swift in Sources */ = {isa = PBXBuildFile; fileRef = 89ED1D7E2727EF9700BC9BDE /* SubscriberBootcamp.swift */; };
		89ED1D8127294BBF00BC9BDE /* FileManagerBootcamp.swift in Sources */ = {isa = PBXBuildFile; fileRef = 89ED1D8027294BBD00BC9BDE /* FileManagerBootcamp.swift */; };
/* End PBXBuildFile section */

/* Begin PBXFileReference section */
		89295EFA284DE290001D32B3 /* CoreDataRelationshipBootcamp.swift */ = {isa = PBXFileReference; lastKnownFileType = sourcecode.swift; path = CoreDataRelationshipBootcamp.swift; sourceTree = "<group>"; };
		89295EFD284DE578001D32B3 /* CoreDataContainer.xcdatamodel */ = {isa = PBXFileReference; lastKnownFileType = wrapper.xcdatamodel; path = CoreDataContainer.xcdatamodel; sourceTree = "<group>"; };
		897181DF2723DE830074B97C /* BackgroundThreadBootcamp.swift */ = {isa = PBXFileReference; lastKnownFileType = sourcecode.swift; path = BackgroundThreadBootcamp.swift; sourceTree = "<group>"; };
		897181E12723F1730074B97C /* WeakSelfBootcamp.swift */ = {isa = PBXFileReference; lastKnownFileType = sourcecode.swift; path = WeakSelfBootcamp.swift; sourceTree = "<group>"; };
		897181E3272419CD0074B97C /* EscapingBootcamp.swift */ = {isa = PBXFileReference; lastKnownFileType = sourcecode.swift; path = EscapingBootcamp.swift; sourceTree = "<group>"; };
		897181E5272529430074B97C /* CodableBootcamp.swift */ = {isa = PBXFileReference; lastKnownFileType = sourcecode.swift; path = CodableBootcamp.swift; sourceTree = "<group>"; };
		897181E72726871D0074B97C /* DownloadWithEscapingBootcamp.swift */ = {isa = PBXFileReference; lastKnownFileType = sourcecode.swift; path = DownloadWithEscapingBootcamp.swift; sourceTree = "<group>"; };
		897181E9272705D40074B97C /* DownloadWithCombineBootcamp.swift */ = {isa = PBXFileReference; lastKnownFileType = sourcecode.swift; path = DownloadWithCombineBootcamp.swift; sourceTree = "<group>"; };
		8975AD76272BD52B00225A59 /* CacheBootcamp.swift */ = {isa = PBXFileReference; lastKnownFileType = sourcecode.swift; path = CacheBootcamp.swift; sourceTree = "<group>"; };
		8975AD7D272D339600225A59 /* DownloadingImagesBootcamp.swift */ = {isa = PBXFileReference; lastKnownFileType = sourcecode.swift; path = DownloadingImagesBootcamp.swift; sourceTree = "<group>"; };
		8975AD7F272DB45500225A59 /* PhotoModel.swift */ = {isa = PBXFileReference; lastKnownFileType = sourcecode.swift; path = PhotoModel.swift; sourceTree = "<group>"; };
		8975AD81272DB4B800225A59 /* DownloadingImagesViewModel.swift */ = {isa = PBXFileReference; lastKnownFileType = sourcecode.swift; path = DownloadingImagesViewModel.swift; sourceTree = "<group>"; };
		8975AD83272DB69F00225A59 /* PhotoModelDataService.swift */ = {isa = PBXFileReference; lastKnownFileType = sourcecode.swift; path = PhotoModelDataService.swift; sourceTree = "<group>"; };
		8975AD85272DD1B100225A59 /* DownloadingImagesRow.swift */ = {isa = PBXFileReference; lastKnownFileType = sourcecode.swift; path = DownloadingImagesRow.swift; sourceTree = "<group>"; };
		8975AD87272DD3DC00225A59 /* DownloadingImageView.swift */ = {isa = PBXFileReference; lastKnownFileType = sourcecode.swift; path = DownloadingImageView.swift; sourceTree = "<group>"; };
		8975AD89272DD47A00225A59 /* DownloadingImageViewModel.swift */ = {isa = PBXFileReference; lastKnownFileType = sourcecode.swift; path = DownloadingImageViewModel.swift; sourceTree = "<group>"; };
		8975AD8B272E7BB800225A59 /* PhotoModelCacheManager.swift */ = {isa = PBXFileReference; lastKnownFileType = sourcecode.swift; path = PhotoModelCacheManager.swift; sourceTree = "<group>"; };
		8975AD8D272E807700225A59 /* PhotoModelFileManager.swift */ = {isa = PBXFileReference; lastKnownFileType = sourcecode.swift; path = PhotoModelFileManager.swift; sourceTree = "<group>"; };
		898528B1271DB7AC00784E84 /* SwitfulThinkingContinuedLearning.app */ = {isa = PBXFileReference; explicitFileType = wrapper.application; includeInIndex = 0; path = SwitfulThinkingContinuedLearning.app; sourceTree = BUILT_PRODUCTS_DIR; };
		898528B4271DB7AC00784E84 /* SwitfulThinkingContinuedLearningApp.swift */ = {isa = PBXFileReference; lastKnownFileType = sourcecode.swift; path = SwitfulThinkingContinuedLearningApp.swift; sourceTree = "<group>"; };
		898528B6271DB7AC00784E84 /* ContentView.swift */ = {isa = PBXFileReference; lastKnownFileType = sourcecode.swift; path = ContentView.swift; sourceTree = "<group>"; };
		898528B8271DB7B400784E84 /* Assets.xcassets */ = {isa = PBXFileReference; lastKnownFileType = folder.assetcatalog; path = Assets.xcassets; sourceTree = "<group>"; };
		898528BB271DB7B400784E84 /* Preview Assets.xcassets */ = {isa = PBXFileReference; lastKnownFileType = folder.assetcatalog; path = "Preview Assets.xcassets"; sourceTree = "<group>"; };
		898528C2271DB7F700784E84 /* LongPressGestureBootcamp.swift */ = {isa = PBXFileReference; lastKnownFileType = sourcecode.swift; path = LongPressGestureBootcamp.swift; sourceTree = "<group>"; };
		898528C4271DC32000784E84 /* DragGestureBootcamp.swift */ = {isa = PBXFileReference; lastKnownFileType = sourcecode.swift; path = DragGestureBootcamp.swift; sourceTree = "<group>"; };
		898528C6271EA15B00784E84 /* ArraysBootcamp.swift */ = {isa = PBXFileReference; lastKnownFileType = sourcecode.swift; path = ArraysBootcamp.swift; sourceTree = "<group>"; };
		898528C82720258B00784E84 /* CoreDataBootcamp.swift */ = {isa = PBXFileReference; lastKnownFileType = sourcecode.swift; path = CoreDataBootcamp.swift; sourceTree = "<group>"; };
		898528CB27213A5700784E84 /* FruitsContainer.xcdatamodel */ = {isa = PBXFileReference; lastKnownFileType = wrapper.xcdatamodel; path = FruitsContainer.xcdatamodel; sourceTree = "<group>"; };
		89ED1D7C2727CFEB00BC9BDE /* TimerBootcamp.swift */ = {isa = PBXFileReference; lastKnownFileType = sourcecode.swift; path = TimerBootcamp.swift; sourceTree = "<group>"; };
		89ED1D7E2727EF9700BC9BDE /* SubscriberBootcamp.swift */ = {isa = PBXFileReference; lastKnownFileType = sourcecode.swift; path = SubscriberBootcamp.swift; sourceTree = "<group>"; };
		89ED1D8027294BBD00BC9BDE /* FileManagerBootcamp.swift */ = {isa = PBXFileReference; lastKnownFileType = sourcecode.swift; path = FileManagerBootcamp.swift; sourceTree = "<group>"; };
/* End PBXFileReference section */

/* Begin PBXFrameworksBuildPhase section */
		898528AE271DB7AC00784E84 /* Frameworks */ = {
			isa = PBXFrameworksBuildPhase;
			buildActionMask = 2147483647;
			files = (
			);
			runOnlyForDeploymentPostprocessing = 0;
		};
/* End PBXFrameworksBuildPhase section */

/* Begin PBXGroup section */
		8975AD78272D332700225A59 /* DownloadingImagesBootcamp */ = {
			isa = PBXGroup;
			children = (
				8975AD7C272D336C00225A59 /* Utilities */,
				8975AD7B272D335700225A59 /* ViewModels */,
				8975AD7A272D334F00225A59 /* Views */,
				8975AD79272D334500225A59 /* Models */,
			);
			path = DownloadingImagesBootcamp;
			sourceTree = "<group>";
		};
		8975AD79272D334500225A59 /* Models */ = {
			isa = PBXGroup;
			children = (
				8975AD7F272DB45500225A59 /* PhotoModel.swift */,
			);
			path = Models;
			sourceTree = "<group>";
		};
		8975AD7A272D334F00225A59 /* Views */ = {
			isa = PBXGroup;
			children = (
				8975AD7D272D339600225A59 /* DownloadingImagesBootcamp.swift */,
				8975AD85272DD1B100225A59 /* DownloadingImagesRow.swift */,
				8975AD87272DD3DC00225A59 /* DownloadingImageView.swift */,
			);
			path = Views;
			sourceTree = "<group>";
		};
		8975AD7B272D335700225A59 /* ViewModels */ = {
			isa = PBXGroup;
			children = (
				8975AD81272DB4B800225A59 /* DownloadingImagesViewModel.swift */,
				8975AD89272DD47A00225A59 /* DownloadingImageViewModel.swift */,
			);
			path = ViewModels;
			sourceTree = "<group>";
		};
		8975AD7C272D336C00225A59 /* Utilities */ = {
			isa = PBXGroup;
			children = (
				8975AD83272DB69F00225A59 /* PhotoModelDataService.swift */,
				8975AD8B272E7BB800225A59 /* PhotoModelCacheManager.swift */,
				8975AD8D272E807700225A59 /* PhotoModelFileManager.swift */,
			);
			path = Utilities;
			sourceTree = "<group>";
		};
		898528A8271DB7AC00784E84 = {
			isa = PBXGroup;
			children = (
				898528B3271DB7AC00784E84 /* SwitfulThinkingContinuedLearning */,
				898528B2271DB7AC00784E84 /* Products */,
			);
			sourceTree = "<group>";
		};
		898528B2271DB7AC00784E84 /* Products */ = {
			isa = PBXGroup;
			children = (
				898528B1271DB7AC00784E84 /* SwitfulThinkingContinuedLearning.app */,
			);
			name = Products;
			sourceTree = "<group>";
		};
		898528B3271DB7AC00784E84 /* SwitfulThinkingContinuedLearning */ = {
			isa = PBXGroup;
			children = (
				898528B4271DB7AC00784E84 /* SwitfulThinkingContinuedLearningApp.swift */,
				898528B6271DB7AC00784E84 /* ContentView.swift */,
				898528C6271EA15B00784E84 /* ArraysBootcamp.swift */,
				898528C4271DC32000784E84 /* DragGestureBootcamp.swift */,
				897181E12723F1730074B97C /* WeakSelfBootcamp.swift */,
				8975AD76272BD52B00225A59 /* CacheBootcamp.swift */,
				897181E5272529430074B97C /* CodableBootcamp.swift */,
				8975AD78272D332700225A59 /* DownloadingImagesBootcamp */,
				897181E9272705D40074B97C /* DownloadWithCombineBootcamp.swift */,
				89ED1D8027294BBD00BC9BDE /* FileManagerBootcamp.swift */,
				897181E72726871D0074B97C /* DownloadWithEscapingBootcamp.swift */,
				89ED1D7C2727CFEB00BC9BDE /* TimerBootcamp.swift */,
				89ED1D7E2727EF9700BC9BDE /* SubscriberBootcamp.swift */,
				897181E3272419CD0074B97C /* EscapingBootcamp.swift */,
				89295EFC284DE578001D32B3 /* CoreDataContainer.xcdatamodeld */,
				898528C82720258B00784E84 /* CoreDataBootcamp.swift */,
				89295EFA284DE290001D32B3 /* CoreDataRelationshipBootcamp.swift */,
				897181DF2723DE830074B97C /* BackgroundThreadBootcamp.swift */,
				898528CA27213A5700784E84 /* FruitsContainer.xcdatamodeld */,
				898528C2271DB7F700784E84 /* LongPressGestureBootcamp.swift */,
				898528B8271DB7B400784E84 /* Assets.xcassets */,
				898528BA271DB7B400784E84 /* Preview Content */,
			);
			path = SwitfulThinkingContinuedLearning;
			sourceTree = "<group>";
		};
		898528BA271DB7B400784E84 /* Preview Content */ = {
			isa = PBXGroup;
			children = (
				898528BB271DB7B400784E84 /* Preview Assets.xcassets */,
			);
			path = "Preview Content";
			sourceTree = "<group>";
		};
/* End PBXGroup section */

/* Begin PBXNativeTarget section */
		898528B0271DB7AC00784E84 /* SwitfulThinkingContinuedLearning */ = {
			isa = PBXNativeTarget;
			buildConfigurationList = 898528BF271DB7B400784E84 /* Build configuration list for PBXNativeTarget "SwitfulThinkingContinuedLearning" */;
			buildPhases = (
				898528AD271DB7AC00784E84 /* Sources */,
				898528AE271DB7AC00784E84 /* Frameworks */,
				898528AF271DB7AC00784E84 /* Resources */,
			);
			buildRules = (
			);
			dependencies = (
			);
			name = SwitfulThinkingContinuedLearning;
			productName = SwitfulThinkingContinuedLearning;
			productReference = 898528B1271DB7AC00784E84 /* SwitfulThinkingContinuedLearning.app */;
			productType = "com.apple.product-type.application";
		};
/* End PBXNativeTarget section */

/* Begin PBXProject section */
		898528A9271DB7AC00784E84 /* Project object */ = {
			isa = PBXProject;
			attributes = {
				BuildIndependentTargetsInParallel = 1;
				LastSwiftUpdateCheck = 1300;
				LastUpgradeCheck = 1300;
				TargetAttributes = {
					898528B0271DB7AC00784E84 = {
						CreatedOnToolsVersion = 13.0;
					};
				};
			};
			buildConfigurationList = 898528AC271DB7AC00784E84 /* Build configuration list for PBXProject "SwitfulThinkingContinuedLearning" */;
			compatibilityVersion = "Xcode 13.0";
			developmentRegion = en;
			hasScannedForEncodings = 0;
			knownRegions = (
				en,
				Base,
			);
			mainGroup = 898528A8271DB7AC00784E84;
			productRefGroup = 898528B2271DB7AC00784E84 /* Products */;
			projectDirPath = "";
			projectRoot = "";
			targets = (
				898528B0271DB7AC00784E84 /* SwitfulThinkingContinuedLearning */,
			);
		};
/* End PBXProject section */

/* Begin PBXResourcesBuildPhase section */
		898528AF271DB7AC00784E84 /* Resources */ = {
			isa = PBXResourcesBuildPhase;
			buildActionMask = 2147483647;
			files = (
				898528BC271DB7B400784E84 /* Preview Assets.xcassets in Resources */,
				898528B9271DB7B400784E84 /* Assets.xcassets in Resources */,
			);
			runOnlyForDeploymentPostprocessing = 0;
		};
/* End PBXResourcesBuildPhase section */

/* Begin PBXSourcesBuildPhase section */
		898528AD271DB7AC00784E84 /* Sources */ = {
			isa = PBXSourcesBuildPhase;
			buildActionMask = 2147483647;
			files = (
				897181E4272419CD0074B97C /* EscapingBootcamp.swift in Sources */,
				897181E22723F1730074B97C /* WeakSelfBootcamp.swift in Sources */,
				89ED1D7F2727EF9700BC9BDE /* SubscriberBootcamp.swift in Sources */,
				897181E6272529430074B97C /* CodableBootcamp.swift in Sources */,
				89295EFB284DE290001D32B3 /* CoreDataRelationshipBootcamp.swift in Sources */,
				89ED1D8127294BBF00BC9BDE /* FileManagerBootcamp.swift in Sources */,
				8975AD86272DD1B100225A59 /* DownloadingImagesRow.swift in Sources */,
				8975AD80272DB45500225A59 /* PhotoModel.swift in Sources */,
				898528B7271DB7AC00784E84 /* ContentView.swift in Sources */,
				898528C92720258B00784E84 /* CoreDataBootcamp.swift in Sources */,
				8975AD7E272D339600225A59 /* DownloadingImagesBootcamp.swift in Sources */,
				898528CC27213A5700784E84 /* FruitsContainer.xcdatamodeld in Sources */,
				8975AD82272DB4B800225A59 /* DownloadingImagesViewModel.swift in Sources */,
				897181EA272705D40074B97C /* DownloadWithCombineBootcamp.swift in Sources */,
				898528B5271DB7AC00784E84 /* SwitfulThinkingContinuedLearningApp.swift in Sources */,
				898528C7271EA15B00784E84 /* ArraysBootcamp.swift in Sources */,
				897181E82726871E0074B97C /* DownloadWithEscapingBootcamp.swift in Sources */,
				8975AD77272BD52B00225A59 /* CacheBootcamp.swift in Sources */,
				8975AD8C272E7BB800225A59 /* PhotoModelCacheManager.swift in Sources */,
				89ED1D7D2727CFEB00BC9BDE /* TimerBootcamp.swift in Sources */,
				898528C5271DC32100784E84 /* DragGestureBootcamp.swift in Sources */,
				897181E02723DE840074B97C /* BackgroundThreadBootcamp.swift in Sources */,
				898528C3271DB7F700784E84 /* LongPressGestureBootcamp.swift in Sources */,
				8975AD8E272E807700225A59 /* PhotoModelFileManager.swift in Sources */,
				89295EFE284DE578001D32B3 /* CoreDataContainer.xcdatamodeld in Sources */,
				8975AD88272DD3DC00225A59 /* DownloadingImageView.swift in Sources */,
				8975AD84272DB69F00225A59 /* PhotoModelDataService.swift in Sources */,
				8975AD8A272DD47A00225A59 /* DownloadingImageViewModel.swift in Sources */,
			);
			runOnlyForDeploymentPostprocessing = 0;
		};
/* End PBXSourcesBuildPhase section */

/* Begin XCBuildConfiguration section */
		898528BD271DB7B400784E84 /* Debug */ = {
			isa = XCBuildConfiguration;
			buildSettings = {
				ALWAYS_SEARCH_USER_PATHS = NO;
				CLANG_ANALYZER_NONNULL = YES;
				CLANG_ANALYZER_NUMBER_OBJECT_CONVERSION = YES_AGGRESSIVE;
				CLANG_CXX_LANGUAGE_STANDARD = "gnu++17";
				CLANG_CXX_LIBRARY = "libc++";
				CLANG_ENABLE_MODULES = YES;
				CLANG_ENABLE_OBJC_ARC = YES;
				CLANG_ENABLE_OBJC_WEAK = YES;
				CLANG_WARN_BLOCK_CAPTURE_AUTORELEASING = YES;
				CLANG_WARN_BOOL_CONVERSION = YES;
				CLANG_WARN_COMMA = YES;
				CLANG_WARN_CONSTANT_CONVERSION = YES;
				CLANG_WARN_DEPRECATED_OBJC_IMPLEMENTATIONS = YES;
				CLANG_WARN_DIRECT_OBJC_ISA_USAGE = YES_ERROR;
				CLANG_WARN_DOCUMENTATION_COMMENTS = YES;
				CLANG_WARN_EMPTY_BODY = YES;
				CLANG_WARN_ENUM_CONVERSION = YES;
				CLANG_WARN_INFINITE_RECURSION = YES;
				CLANG_WARN_INT_CONVERSION = YES;
				CLANG_WARN_NON_LITERAL_NULL_CONVERSION = YES;
				CLANG_WARN_OBJC_IMPLICIT_RETAIN_SELF = YES;
				CLANG_WARN_OBJC_LITERAL_CONVERSION = YES;
				CLANG_WARN_OBJC_ROOT_CLASS = YES_ERROR;
				CLANG_WARN_QUOTED_INCLUDE_IN_FRAMEWORK_HEADER = YES;
				CLANG_WARN_RANGE_LOOP_ANALYSIS = YES;
				CLANG_WARN_STRICT_PROTOTYPES = YES;
				CLANG_WARN_SUSPICIOUS_MOVE = YES;
				CLANG_WARN_UNGUARDED_AVAILABILITY = YES_AGGRESSIVE;
				CLANG_WARN_UNREACHABLE_CODE = YES;
				CLANG_WARN__DUPLICATE_METHOD_MATCH = YES;
				COPY_PHASE_STRIP = NO;
				DEBUG_INFORMATION_FORMAT = dwarf;
				ENABLE_STRICT_OBJC_MSGSEND = YES;
				ENABLE_TESTABILITY = YES;
				GCC_C_LANGUAGE_STANDARD = gnu11;
				GCC_DYNAMIC_NO_PIC = NO;
				GCC_NO_COMMON_BLOCKS = YES;
				GCC_OPTIMIZATION_LEVEL = 0;
				GCC_PREPROCESSOR_DEFINITIONS = (
					"DEBUG=1",
					"$(inherited)",
				);
				GCC_WARN_64_TO_32_BIT_CONVERSION = YES;
				GCC_WARN_ABOUT_RETURN_TYPE = YES_ERROR;
				GCC_WARN_UNDECLARED_SELECTOR = YES;
				GCC_WARN_UNINITIALIZED_AUTOS = YES_AGGRESSIVE;
				GCC_WARN_UNUSED_FUNCTION = YES;
				GCC_WARN_UNUSED_VARIABLE = YES;
				IPHONEOS_DEPLOYMENT_TARGET = 15.0;
				MTL_ENABLE_DEBUG_INFO = INCLUDE_SOURCE;
				MTL_FAST_MATH = YES;
				ONLY_ACTIVE_ARCH = YES;
				SDKROOT = iphoneos;
				SWIFT_ACTIVE_COMPILATION_CONDITIONS = DEBUG;
				SWIFT_OPTIMIZATION_LEVEL = "-Onone";
			};
			name = Debug;
		};
		898528BE271DB7B400784E84 /* Release */ = {
			isa = XCBuildConfiguration;
			buildSettings = {
				ALWAYS_SEARCH_USER_PATHS = NO;
				CLANG_ANALYZER_NONNULL = YES;
				CLANG_ANALYZER_NUMBER_OBJECT_CONVERSION = YES_AGGRESSIVE;
				CLANG_CXX_LANGUAGE_STANDARD = "gnu++17";
				CLANG_CXX_LIBRARY = "libc++";
				CLANG_ENABLE_MODULES = YES;
				CLANG_ENABLE_OBJC_ARC = YES;
				CLANG_ENABLE_OBJC_WEAK = YES;
				CLANG_WARN_BLOCK_CAPTURE_AUTORELEASING = YES;
				CLANG_WARN_BOOL_CONVERSION = YES;
				CLANG_WARN_COMMA = YES;
				CLANG_WARN_CONSTANT_CONVERSION = YES;
				CLANG_WARN_DEPRECATED_OBJC_IMPLEMENTATIONS = YES;
				CLANG_WARN_DIRECT_OBJC_ISA_USAGE = YES_ERROR;
				CLANG_WARN_DOCUMENTATION_COMMENTS = YES;
				CLANG_WARN_EMPTY_BODY = YES;
				CLANG_WARN_ENUM_CONVERSION = YES;
				CLANG_WARN_INFINITE_RECURSION = YES;
				CLANG_WARN_INT_CONVERSION = YES;
				CLANG_WARN_NON_LITERAL_NULL_CONVERSION = YES;
				CLANG_WARN_OBJC_IMPLICIT_RETAIN_SELF = YES;
				CLANG_WARN_OBJC_LITERAL_CONVERSION = YES;
				CLANG_WARN_OBJC_ROOT_CLASS = YES_ERROR;
				CLANG_WARN_QUOTED_INCLUDE_IN_FRAMEWORK_HEADER = YES;
				CLANG_WARN_RANGE_LOOP_ANALYSIS = YES;
				CLANG_WARN_STRICT_PROTOTYPES = YES;
				CLANG_WARN_SUSPICIOUS_MOVE = YES;
				CLANG_WARN_UNGUARDED_AVAILABILITY = YES_AGGRESSIVE;
				CLANG_WARN_UNREACHABLE_CODE = YES;
				CLANG_WARN__DUPLICATE_METHOD_MATCH = YES;
				COPY_PHASE_STRIP = NO;
				DEBUG_INFORMATION_FORMAT = "dwarf-with-dsym";
				ENABLE_NS_ASSERTIONS = NO;
				ENABLE_STRICT_OBJC_MSGSEND = YES;
				GCC_C_LANGUAGE_STANDARD = gnu11;
				GCC_NO_COMMON_BLOCKS = YES;
				GCC_WARN_64_TO_32_BIT_CONVERSION = YES;
				GCC_WARN_ABOUT_RETURN_TYPE = YES_ERROR;
				GCC_WARN_UNDECLARED_SELECTOR = YES;
				GCC_WARN_UNINITIALIZED_AUTOS = YES_AGGRESSIVE;
				GCC_WARN_UNUSED_FUNCTION = YES;
				GCC_WARN_UNUSED_VARIABLE = YES;
				IPHONEOS_DEPLOYMENT_TARGET = 15.0;
				MTL_ENABLE_DEBUG_INFO = NO;
				MTL_FAST_MATH = YES;
				SDKROOT = iphoneos;
				SWIFT_COMPILATION_MODE = wholemodule;
				SWIFT_OPTIMIZATION_LEVEL = "-O";
				VALIDATE_PRODUCT = YES;
			};
			name = Release;
		};
		898528C0271DB7B400784E84 /* Debug */ = {
			isa = XCBuildConfiguration;
			buildSettings = {
				ASSETCATALOG_COMPILER_APPICON_NAME = AppIcon;
				ASSETCATALOG_COMPILER_GLOBAL_ACCENT_COLOR_NAME = AccentColor;
				CODE_SIGN_STYLE = Automatic;
				CURRENT_PROJECT_VERSION = 1;
				DEVELOPMENT_ASSET_PATHS = "\"SwitfulThinkingContinuedLearning/Preview Content\"";
				DEVELOPMENT_TEAM = M7QC4X74R8;
				ENABLE_PREVIEWS = YES;
				GENERATE_INFOPLIST_FILE = YES;
				INFOPLIST_KEY_UIApplicationSceneManifest_Generation = YES;
				INFOPLIST_KEY_UIApplicationSupportsIndirectInputEvents = YES;
				INFOPLIST_KEY_UILaunchScreen_Generation = YES;
				INFOPLIST_KEY_UISupportedInterfaceOrientations_iPad = "UIInterfaceOrientationPortrait UIInterfaceOrientationPortraitUpsideDown UIInterfaceOrientationLandscapeLeft UIInterfaceOrientationLandscapeRight";
				INFOPLIST_KEY_UISupportedInterfaceOrientations_iPhone = "UIInterfaceOrientationPortrait UIInterfaceOrientationLandscapeLeft UIInterfaceOrientationLandscapeRight";
				IPHONEOS_DEPLOYMENT_TARGET = 14.0;
				LD_RUNPATH_SEARCH_PATHS = (
					"$(inherited)",
					"@executable_path/Frameworks",
				);
				MARKETING_VERSION = 1.0;
				PRODUCT_BUNDLE_IDENTIFIER = com.bluesky.SwitfulThinkingContinuedLearning;
				PRODUCT_NAME = "$(TARGET_NAME)";
				SWIFT_EMIT_LOC_STRINGS = YES;
				SWIFT_VERSION = 5.0;
				TARGETED_DEVICE_FAMILY = "1,2";
			};
			name = Debug;
		};
		898528C1271DB7B400784E84 /* Release */ = {
			isa = XCBuildConfiguration;
			buildSettings = {
				ASSETCATALOG_COMPILER_APPICON_NAME = AppIcon;
				ASSETCATALOG_COMPILER_GLOBAL_ACCENT_COLOR_NAME = AccentColor;
				CODE_SIGN_STYLE = Automatic;
				CURRENT_PROJECT_VERSION = 1;
				DEVELOPMENT_ASSET_PATHS = "\"SwitfulThinkingContinuedLearning/Preview Content\"";
				DEVELOPMENT_TEAM = M7QC4X74R8;
				ENABLE_PREVIEWS = YES;
				GENERATE_INFOPLIST_FILE = YES;
				INFOPLIST_KEY_UIApplicationSceneManifest_Generation = YES;
				INFOPLIST_KEY_UIApplicationSupportsIndirectInputEvents = YES;
				INFOPLIST_KEY_UILaunchScreen_Generation = YES;
				INFOPLIST_KEY_UISupportedInterfaceOrientations_iPad = "UIInterfaceOrientationPortrait UIInterfaceOrientationPortraitUpsideDown UIInterfaceOrientationLandscapeLeft UIInterfaceOrientationLandscapeRight";
				INFOPLIST_KEY_UISupportedInterfaceOrientations_iPhone = "UIInterfaceOrientationPortrait UIInterfaceOrientationLandscapeLeft UIInterfaceOrientationLandscapeRight";
				IPHONEOS_DEPLOYMENT_TARGET = 14.0;
				LD_RUNPATH_SEARCH_PATHS = (
					"$(inherited)",
					"@executable_path/Frameworks",
				);
				MARKETING_VERSION = 1.0;
				PRODUCT_BUNDLE_IDENTIFIER = com.bluesky.SwitfulThinkingContinuedLearning;
				PRODUCT_NAME = "$(TARGET_NAME)";
				SWIFT_EMIT_LOC_STRINGS = YES;
				SWIFT_VERSION = 5.0;
				TARGETED_DEVICE_FAMILY = "1,2";
			};
			name = Release;
		};
/* End XCBuildConfiguration section */

/* Begin XCConfigurationList section */
		898528AC271DB7AC00784E84 /* Build configuration list for PBXProject "SwitfulThinkingContinuedLearning" */ = {
			isa = XCConfigurationList;
			buildConfigurations = (
				898528BD271DB7B400784E84 /* Debug */,
				898528BE271DB7B400784E84 /* Release */,
			);
			defaultConfigurationIsVisible = 0;
			defaultConfigurationName = Release;
		};
		898528BF271DB7B400784E84 /* Build configuration list for PBXNativeTarget "SwitfulThinkingContinuedLearning" */ = {
			isa = XCConfigurationList;
			buildConfigurations = (
				898528C0271DB7B400784E84 /* Debug */,
				898528C1271DB7B400784E84 /* Release */,
			);
			defaultConfigurationIsVisible = 0;
			defaultConfigurationName = Release;
		};
/* End XCConfigurationList section */

/* Begin XCVersionGroup section */
		89295EFC284DE578001D32B3 /* CoreDataContainer.xcdatamodeld */ = {
			isa = XCVersionGroup;
			children = (
				89295EFD284DE578001D32B3 /* CoreDataContainer.xcdatamodel */,
			);
			currentVersion = 89295EFD284DE578001D32B3 /* CoreDataContainer.xcdatamodel */;
			path = CoreDataContainer.xcdatamodeld;
			sourceTree = "<group>";
			versionGroupType = wrapper.xcdatamodel;
		};
		898528CA27213A5700784E84 /* FruitsContainer.xcdatamodeld */ = {
			isa = XCVersionGroup;
			children = (
				898528CB27213A5700784E84 /* FruitsContainer.xcdatamodel */,
			);
			currentVersion = 898528CB27213A5700784E84 /* FruitsContainer.xcdatamodel */;
			path = FruitsContainer.xcdatamodeld;
			sourceTree = "<group>";
			versionGroupType = wrapper.xcdatamodel;
		};
/* End XCVersionGroup section */
	};
	rootObject = 898528A9271DB7AC00784E84 /* Project object */;
}
